
Microsoft Visual Studio Solution File, Format Version 12.00
# Visual Studio Version 16
VisualStudioVersion = 16.0.30907.101
MinimumVisualStudioVersion = 10.0.40219.1
Project("{FAE04EC0-301F-11D3-BF4B-00C04F79EFBC}") = "BoatCompanyCherc", "BoatCompanyCherc\BoatCompanyCherc.csproj", "{5A0339C2-77D0-4DDD-8CCB-EB8BA9593446}"
EndProject
Global
	GlobalSection(SolutionConfigurationPlatforms) = preSolution
		Debug|Any CPU = Debug|Any CPU
		Release|Any CPU = Release|Any CPU
	EndGlobalSection
	GlobalSection(ProjectConfigurationPlatforms) = postSolution
		{5A0339C2-77D0-4DDD-8CCB-EB8BA9593446}.Debug|Any CPU.ActiveCfg = Debug|Any CPU
		{5A0339C2-77D0-4DDD-8CCB-EB8BA9593446}.Debug|Any CPU.Build.0 = Debug|Any CPU
		{5A0339C2-77D0-4DDD-8CCB-EB8BA9593446}.Release|Any CPU.ActiveCfg = Release|Any CPU
		{5A0339C2-77D0-4DDD-8CCB-EB8BA9593446}.Release|Any CPU.Build.0 = Release|Any CPU
	EndGlobalSection
	GlobalSection(SolutionProperties) = preSolution
		HideSolutionNode = FALSE
	EndGlobalSection
	GlobalSection(ExtensibilityGlobals) = postSolution
		SolutionGuid = {83ACBC2C-C66B-4BD1-9329-2B186606A705}
	EndGlobalSection
EndGlobal
